{
  "lockfileVersion": 1,
  "configVersion": 0,
  "workspaces": {
    "": {
      "name": "@tryforge/forge.canvas",
      "dependencies": {
        "@gifsx/gifsx": "^1.0.15",
        "@napi-rs/canvas": "^0.1.88",
      },
      "devDependencies": {
        "@swc/cli": "^0.7.8",
        "@tryforge/forgescript": "^2.5.0",
        "@types/node": "^22.13.5",
        "typedoc": "^0.28.3",
        "typescript": "^5.6.3",
      },
    },
  },
  "packages": {
    "@discordjs/builders": ["@discordjs/builders@1.13.1", "", { "dependencies": { "@discordjs/formatters": "^0.6.2", "@discordjs/util": "^1.2.0", "@sapphire/shapeshift": "^4.0.0", "discord-api-types": "^0.38.33", "fast-deep-equal": "^3.1.3", "ts-mixer": "^6.0.4", "tslib": "^2.6.3" } }, "sha512-cOU0UDHc3lp/5nKByDxkmRiNZBpdp0kx55aarbiAfakfKJHlxv/yFW1zmIqCAmwH5CRlrH9iMFKJMpvW4DPB+w=="],

    "@discordjs/collection": ["@discordjs/collection@1.5.3", "", {}, "sha512-SVb428OMd3WO1paV3rm6tSjM4wC+Kecaa1EUGX7vc6/fddvw/6lg90z4QtCqm21zvVe92vMMDt9+DkIvjXImQQ=="],

    "@discordjs/formatters": ["@discordjs/formatters@0.6.2", "", { "dependencies": { "discord-api-types": "^0.38.33" } }, "sha512-y4UPwWhH6vChKRkGdMB4odasUbHOUwy7KL+OVwF86PvT6QVOwElx+TiI1/6kcmcEe+g5YRXJFiXSXUdabqZOvQ=="],

    "@discordjs/rest": ["@discordjs/rest@2.6.0", "", { "dependencies": { "@discordjs/collection": "^2.1.1", "@discordjs/util": "^1.1.1", "@sapphire/async-queue": "^1.5.3", "@sapphire/snowflake": "^3.5.3", "@vladfrangu/async_event_emitter": "^2.4.6", "discord-api-types": "^0.38.16", "magic-bytes.js": "^1.10.0", "tslib": "^2.6.3", "undici": "6.21.3" } }, "sha512-RDYrhmpB7mTvmCKcpj+pc5k7POKszS4E2O9TYc+U+Y4iaCP+r910QdO43qmpOja8LRr1RJ0b3U+CqVsnPqzf4w=="],

    "@discordjs/util": ["@discordjs/util@1.2.0", "", { "dependencies": { "discord-api-types": "^0.38.33" } }, "sha512-3LKP7F2+atl9vJFhaBjn4nOaSWahZ/yWjOvA4e5pnXkt2qyXRCHLxoBQy81GFtLGCq7K9lPm9R517M1U+/90Qg=="],

    "@discordjs/ws": ["@discordjs/ws@1.2.3", "", { "dependencies": { "@discordjs/collection": "^2.1.0", "@discordjs/rest": "^2.5.1", "@discordjs/util": "^1.1.0", "@sapphire/async-queue": "^1.5.2", "@types/ws": "^8.5.10", "@vladfrangu/async_event_emitter": "^2.2.4", "discord-api-types": "^0.38.1", "tslib": "^2.6.2", "ws": "^8.17.0" } }, "sha512-wPlQDxEmlDg5IxhJPuxXr3Vy9AjYq5xCvFWGJyD7w7Np8ZGu+Mc+97LCoEc/+AYCo2IDpKioiH0/c/mj5ZR9Uw=="],

    "@fastify/busboy": ["@fastify/busboy@2.1.1", "", {}, ""],

    "@gerrit0/mini-shiki": ["@gerrit0/mini-shiki@3.3.0", "", { "dependencies": { "@shikijs/engine-oniguruma": "^3.3.0", "@shikijs/langs": "^3.3.0", "@shikijs/themes": "^3.3.0", "@shikijs/types": "^3.3.0", "@shikijs/vscode-textmate": "^10.0.2" } }, ""],

    "@gifsx/gifsx": ["@gifsx/gifsx@1.0.15", "", { "optionalDependencies": { "@gifsx/gifsx-win32-x64-msvc": "1.0.15" } }, ""],

    "@gifsx/gifsx-win32-x64-msvc": ["@gifsx/gifsx-win32-x64-msvc@1.0.15", "", { "os": "win32", "cpu": "x64" }, ""],

    "@napi-rs/canvas": ["@napi-rs/canvas@0.1.88", "", { "optionalDependencies": { "@napi-rs/canvas-android-arm64": "0.1.88", "@napi-rs/canvas-darwin-arm64": "0.1.88", "@napi-rs/canvas-darwin-x64": "0.1.88", "@napi-rs/canvas-linux-arm-gnueabihf": "0.1.88", "@napi-rs/canvas-linux-arm64-gnu": "0.1.88", "@napi-rs/canvas-linux-arm64-musl": "0.1.88", "@napi-rs/canvas-linux-riscv64-gnu": "0.1.88", "@napi-rs/canvas-linux-x64-gnu": "0.1.88", "@napi-rs/canvas-linux-x64-musl": "0.1.88", "@napi-rs/canvas-win32-arm64-msvc": "0.1.88", "@napi-rs/canvas-win32-x64-msvc": "0.1.88" } }, "sha512-/p08f93LEbsL5mDZFQ3DBxcPv/I4QG9EDYRRq1WNlCOXVfAHBTHMSVMwxlqG/AtnSfUr9+vgfN7MKiyDo0+Weg=="],

    "@napi-rs/canvas-android-arm64": ["@napi-rs/canvas-android-arm64@0.1.88", "", { "os": "android", "cpu": "arm64" }, "sha512-KEaClPnZuVxJ8smUWjV1wWFkByBO/D+vy4lN+Dm5DFH514oqwukxKGeck9xcKJhaWJGjfruGmYGiwRe//+/zQQ=="],

    "@napi-rs/canvas-darwin-arm64": ["@napi-rs/canvas-darwin-arm64@0.1.88", "", { "os": "darwin", "cpu": "arm64" }, "sha512-Xgywz0dDxOKSgx3eZnK85WgGMmGrQEW7ZLA/E7raZdlEE+xXCozobgqz2ZvYigpB6DJFYkqnwHjqCOTSDGlFdg=="],

    "@napi-rs/canvas-darwin-x64": ["@napi-rs/canvas-darwin-x64@0.1.88", "", { "os": "darwin", "cpu": "x64" }, "sha512-Yz4wSCIQOUgNucgk+8NFtQxQxZV5NO8VKRl9ePKE6XoNyNVC8JDqtvhh3b3TPqKK8W5p2EQpAr1rjjm0mfBxdg=="],

    "@napi-rs/canvas-linux-arm-gnueabihf": ["@napi-rs/canvas-linux-arm-gnueabihf@0.1.88", "", { "os": "linux", "cpu": "arm" }, "sha512-9gQM2SlTo76hYhxHi2XxWTAqpTOb+JtxMPEIr+H5nAhHhyEtNmTSDRtz93SP7mGd2G3Ojf2oF5tP9OdgtgXyKg=="],

    "@napi-rs/canvas-linux-arm64-gnu": ["@napi-rs/canvas-linux-arm64-gnu@0.1.88", "", { "os": "linux", "cpu": "arm64" }, "sha512-7qgaOBMXuVRk9Fzztzr3BchQKXDxGbY+nwsovD3I/Sx81e+sX0ReEDYHTItNb0Je4NHbAl7D0MKyd4SvUc04sg=="],

    "@napi-rs/canvas-linux-arm64-musl": ["@napi-rs/canvas-linux-arm64-musl@0.1.88", "", { "os": "linux", "cpu": "arm64" }, "sha512-kYyNrUsHLkoGHBc77u4Unh067GrfiCUMbGHC2+OTxbeWfZkPt2o32UOQkhnSswKd9Fko/wSqqGkY956bIUzruA=="],

    "@napi-rs/canvas-linux-riscv64-gnu": ["@napi-rs/canvas-linux-riscv64-gnu@0.1.88", "", { "os": "linux", "cpu": "none" }, "sha512-HVuH7QgzB0yavYdNZDRyAsn/ejoXB0hn8twwFnOqUbCCdkV+REna7RXjSR7+PdfW0qMQ2YYWsLvVBT5iL/mGpw=="],

    "@napi-rs/canvas-linux-x64-gnu": ["@napi-rs/canvas-linux-x64-gnu@0.1.88", "", { "os": "linux", "cpu": "x64" }, "sha512-hvcvKIcPEQrvvJtJnwD35B3qk6umFJ8dFIr8bSymfrSMem0EQsfn1ztys8ETIFndTwdNWJKWluvxztA41ivsEw=="],

    "@napi-rs/canvas-linux-x64-musl": ["@napi-rs/canvas-linux-x64-musl@0.1.88", "", { "os": "linux", "cpu": "x64" }, "sha512-eSMpGYY2xnZSQ6UxYJ6plDboxq4KeJ4zT5HaVkUnbObNN6DlbJe0Mclh3wifAmquXfrlgTZt6zhHsUgz++AK6g=="],

    "@napi-rs/canvas-win32-arm64-msvc": ["@napi-rs/canvas-win32-arm64-msvc@0.1.88", "", { "os": "win32", "cpu": "arm64" }, "sha512-qcIFfEgHrchyYqRrxsCeTQgpJZ/GqHiqPcU/Fvw/ARVlQeDX1VyFH+X+0gCR2tca6UJrq96vnW+5o7buCq+erA=="],

    "@napi-rs/canvas-win32-x64-msvc": ["@napi-rs/canvas-win32-x64-msvc@0.1.88", "", { "os": "win32", "cpu": "x64" }, "sha512-ROVqbfS4QyZxYkqmaIBBpbz/BQvAR+05FXM5PAtTYVc0uyY8Y4BHJSMdGAaMf6TdIVRsQsiq+FG/dH9XhvWCFQ=="],

    "@napi-rs/nice": ["@napi-rs/nice@1.0.4", "", { "optionalDependencies": { "@napi-rs/nice-win32-x64-msvc": "1.0.4" } }, ""],

    "@napi-rs/nice-win32-x64-msvc": ["@napi-rs/nice-win32-x64-msvc@1.0.4", "", { "os": "win32", "cpu": "x64" }, ""],

    "@sapphire/async-queue": ["@sapphire/async-queue@1.5.5", "", {}, "sha512-cvGzxbba6sav2zZkH8GPf2oGk9yYoD5qrNWdu9fRehifgnFZJMV+nuy2nON2roRO4yQQ+v7MK/Pktl/HgfsUXg=="],

    "@sapphire/shapeshift": ["@sapphire/shapeshift@4.0.0", "", { "dependencies": { "fast-deep-equal": "^3.1.3", "lodash": "^4.17.21" } }, "sha512-d9dUmWVA7MMiKobL3VpLF8P2aeanRTu6ypG2OIaEv/ZHH/SUQ2iHOVyi5wAPjQ+HmnMuL0whK9ez8I/raWbtIg=="],

    "@sapphire/snowflake": ["@sapphire/snowflake@3.5.3", "", {}, "sha512-jjmJywLAFoWeBi1W7994zZyiNWPIiqRRNAmSERxyg93xRGzNYvGjlZ0gR6x0F4gPRi2+0O6S71kOZYyr3cxaIQ=="],

    "@shikijs/engine-oniguruma": ["@shikijs/engine-oniguruma@3.3.0", "", { "dependencies": { "@shikijs/types": "3.3.0", "@shikijs/vscode-textmate": "^10.0.2" } }, ""],

    "@shikijs/langs": ["@shikijs/langs@3.3.0", "", { "dependencies": { "@shikijs/types": "3.3.0" } }, ""],

    "@shikijs/themes": ["@shikijs/themes@3.3.0", "", { "dependencies": { "@shikijs/types": "3.3.0" } }, ""],

    "@shikijs/types": ["@shikijs/types@3.3.0", "", { "dependencies": { "@shikijs/vscode-textmate": "^10.0.2", "@types/hast": "^3.0.4" } }, ""],

    "@shikijs/vscode-textmate": ["@shikijs/vscode-textmate@10.0.2", "", {}, ""],

    "@sindresorhus/is": ["@sindresorhus/is@5.6.0", "", {}, ""],

    "@swc/cli": ["@swc/cli@0.7.8", "", { "dependencies": { "@swc/counter": "^0.1.3", "@xhmikosr/bin-wrapper": "^13.0.5", "commander": "^8.3.0", "minimatch": "^9.0.3", "piscina": "^4.3.1", "semver": "^7.3.8", "slash": "3.0.0", "source-map": "^0.7.3", "tinyglobby": "^0.2.13" }, "peerDependencies": { "@swc/core": "^1.2.66", "chokidar": "^4.0.1" }, "optionalPeers": ["chokidar"], "bin": { "spack": "bin/spack.js", "swc": "bin/swc.js", "swcx": "bin/swcx.js" } }, ""],

    "@swc/core": ["@swc/core@1.13.2", "", { "dependencies": { "@swc/counter": "^0.1.3", "@swc/types": "^0.1.23" }, "optionalDependencies": { "@swc/core-win32-x64-msvc": "1.13.2" }, "peerDependencies": { "@swc/helpers": ">=0.5.17" }, "optionalPeers": ["@swc/helpers"] }, ""],

    "@swc/core-win32-x64-msvc": ["@swc/core-win32-x64-msvc@1.13.2", "", { "os": "win32", "cpu": "x64" }, ""],

    "@swc/counter": ["@swc/counter@0.1.3", "", {}, ""],

    "@swc/types": ["@swc/types@0.1.23", "", { "dependencies": { "@swc/counter": "^0.1.3" } }, ""],

    "@szmarczak/http-timer": ["@szmarczak/http-timer@5.0.1", "", { "dependencies": { "defer-to-connect": "^2.0.1" } }, ""],

    "@tokenizer/inflate": ["@tokenizer/inflate@0.2.7", "", { "dependencies": { "debug": "^4.4.0", "fflate": "^0.8.2", "token-types": "^6.0.0" } }, ""],

    "@tokenizer/token": ["@tokenizer/token@0.3.0", "", {}, ""],

    "@tryforge/forgescript": ["@tryforge/forgescript@2.5.0", "", { "dependencies": { "chalk": "^4.1.2", "discord.js": "^14.22.1", "ms-utility": "^3.3.0", "tiny-typed-emitter": "^2.1.0", "undici": "^5.23.0" } }, "sha512-DhD7FfgzbR81Oc6l6PCgKQTP5O67CovZxL6IEIPCHZOg72ptsg9OQzJQbLOFCJspRiGZIZcZYhnOvErLXm/04g=="],

    "@types/hast": ["@types/hast@3.0.4", "", { "dependencies": { "@types/unist": "*" } }, ""],

    "@types/http-cache-semantics": ["@types/http-cache-semantics@4.0.4", "", {}, ""],

    "@types/node": ["@types/node@22.15.3", "", { "dependencies": { "undici-types": "~6.21.0" } }, ""],

    "@types/unist": ["@types/unist@3.0.3", "", {}, ""],

    "@types/ws": ["@types/ws@8.18.1", "", { "dependencies": { "@types/node": "*" } }, "sha512-ThVF6DCVhA8kUGy+aazFQ4kXQ7E1Ty7A3ypFOe0IcJV8O/M511G99AW24irKrW56Wt44yG9+ij8FaqoBGkuBXg=="],

    "@vladfrangu/async_event_emitter": ["@vladfrangu/async_event_emitter@2.4.7", "", {}, "sha512-Xfe6rpCTxSxfbswi/W/Pz7zp1WWSNn4A0eW4mLkQUewCrXXtMj31lCg+iQyTkh/CkusZSq9eDflu7tjEDXUY6g=="],

    "@xhmikosr/archive-type": ["@xhmikosr/archive-type@7.1.0", "", { "dependencies": { "file-type": "^20.5.0" } }, ""],

    "@xhmikosr/bin-check": ["@xhmikosr/bin-check@7.1.0", "", { "dependencies": { "execa": "^5.1.1", "isexe": "^2.0.0" } }, ""],

    "@xhmikosr/bin-wrapper": ["@xhmikosr/bin-wrapper@13.1.0", "", { "dependencies": { "@xhmikosr/bin-check": "^7.1.0", "@xhmikosr/downloader": "^15.1.0", "@xhmikosr/os-filter-obj": "^3.0.0", "bin-version-check": "^5.1.0" } }, ""],

    "@xhmikosr/decompress": ["@xhmikosr/decompress@10.1.0", "", { "dependencies": { "@xhmikosr/decompress-tar": "^8.1.0", "@xhmikosr/decompress-tarbz2": "^8.1.0", "@xhmikosr/decompress-targz": "^8.1.0", "@xhmikosr/decompress-unzip": "^7.1.0", "graceful-fs": "^4.2.11", "make-dir": "^4.0.0", "strip-dirs": "^3.0.0" } }, ""],

    "@xhmikosr/decompress-tar": ["@xhmikosr/decompress-tar@8.1.0", "", { "dependencies": { "file-type": "^20.5.0", "is-stream": "^2.0.1", "tar-stream": "^3.1.7" } }, ""],

    "@xhmikosr/decompress-tarbz2": ["@xhmikosr/decompress-tarbz2@8.1.0", "", { "dependencies": { "@xhmikosr/decompress-tar": "^8.0.1", "file-type": "^20.5.0", "is-stream": "^2.0.1", "seek-bzip": "^2.0.0", "unbzip2-stream": "^1.4.3" } }, ""],

    "@xhmikosr/decompress-targz": ["@xhmikosr/decompress-targz@8.1.0", "", { "dependencies": { "@xhmikosr/decompress-tar": "^8.0.1", "file-type": "^20.5.0", "is-stream": "^2.0.1" } }, ""],

    "@xhmikosr/decompress-unzip": ["@xhmikosr/decompress-unzip@7.1.0", "", { "dependencies": { "file-type": "^20.5.0", "get-stream": "^6.0.1", "yauzl": "^3.1.2" } }, ""],

    "@xhmikosr/downloader": ["@xhmikosr/downloader@15.1.1", "", { "dependencies": { "@xhmikosr/archive-type": "^7.1.0", "@xhmikosr/decompress": "^10.1.0", "content-disposition": "^0.5.4", "defaults": "^2.0.2", "ext-name": "^5.0.0", "file-type": "^20.5.0", "filenamify": "^6.0.0", "get-stream": "^6.0.1", "got": "^13.0.0" } }, ""],

    "@xhmikosr/os-filter-obj": ["@xhmikosr/os-filter-obj@3.0.0", "", { "dependencies": { "arch": "^3.0.0" } }, ""],

    "ansi-styles": ["ansi-styles@4.3.0", "", { "dependencies": { "color-convert": "^2.0.1" } }, ""],

    "arch": ["arch@3.0.0", "", {}, ""],

    "argparse": ["argparse@2.0.1", "", {}, ""],

    "b4a": ["b4a@1.6.7", "", {}, ""],

    "balanced-match": ["balanced-match@1.0.2", "", {}, ""],

    "bare-events": ["bare-events@2.6.0", "", {}, ""],

    "base64-js": ["base64-js@1.5.1", "", {}, ""],

    "bin-version": ["bin-version@6.0.0", "", { "dependencies": { "execa": "^5.0.0", "find-versions": "^5.0.0" } }, ""],

    "bin-version-check": ["bin-version-check@5.1.0", "", { "dependencies": { "bin-version": "^6.0.0", "semver": "^7.5.3", "semver-truncate": "^3.0.0" } }, ""],

    "brace-expansion": ["brace-expansion@2.0.2", "", { "dependencies": { "balanced-match": "^1.0.0" } }, "sha512-Jt0vHyM+jmUBqojB7E1NIYadt0vI0Qxjxd2TErW94wDz+E2LAm5vKMXXwg6ZZBTHPuUlDgQHKXvjGBdfcF1ZDQ=="],

    "buffer": ["buffer@5.7.1", "", { "dependencies": { "base64-js": "^1.3.1", "ieee754": "^1.1.13" } }, ""],

    "buffer-crc32": ["buffer-crc32@0.2.13", "", {}, ""],

    "cacheable-lookup": ["cacheable-lookup@7.0.0", "", {}, ""],

    "cacheable-request": ["cacheable-request@10.2.14", "", { "dependencies": { "@types/http-cache-semantics": "^4.0.2", "get-stream": "^6.0.1", "http-cache-semantics": "^4.1.1", "keyv": "^4.5.3", "mimic-response": "^4.0.0", "normalize-url": "^8.0.0", "responselike": "^3.0.0" } }, ""],

    "chalk": ["chalk@4.1.2", "", { "dependencies": { "ansi-styles": "^4.1.0", "supports-color": "^7.1.0" } }, ""],

    "color-convert": ["color-convert@2.0.1", "", { "dependencies": { "color-name": "~1.1.4" } }, ""],

    "color-name": ["color-name@1.1.4", "", {}, ""],

    "commander": ["commander@8.3.0", "", {}, ""],

    "content-disposition": ["content-disposition@0.5.4", "", { "dependencies": { "safe-buffer": "5.2.1" } }, ""],

    "cross-spawn": ["cross-spawn@7.0.6", "", { "dependencies": { "path-key": "^3.1.0", "shebang-command": "^2.0.0", "which": "^2.0.1" } }, ""],

    "debug": ["debug@4.4.1", "", { "dependencies": { "ms": "^2.1.3" } }, ""],

    "decompress-response": ["decompress-response@6.0.0", "", { "dependencies": { "mimic-response": "^3.1.0" } }, ""],

    "defaults": ["defaults@2.0.2", "", {}, ""],

    "defer-to-connect": ["defer-to-connect@2.0.1", "", {}, ""],

    "discord-api-types": ["discord-api-types@0.38.37", "", {}, "sha512-Cv47jzY1jkGkh5sv0bfHYqGgKOWO1peOrGMkDFM4UmaGMOTgOW8QSexhvixa9sVOiz8MnVOBryWYyw/CEVhj7w=="],

    "discord.js": ["discord.js@14.25.1", "", { "dependencies": { "@discordjs/builders": "^1.13.0", "@discordjs/collection": "1.5.3", "@discordjs/formatters": "^0.6.2", "@discordjs/rest": "^2.6.0", "@discordjs/util": "^1.2.0", "@discordjs/ws": "^1.2.3", "@sapphire/snowflake": "3.5.3", "discord-api-types": "^0.38.33", "fast-deep-equal": "3.1.3", "lodash.snakecase": "4.1.1", "magic-bytes.js": "^1.10.0", "tslib": "^2.6.3", "undici": "6.21.3" } }, "sha512-2l0gsPOLPs5t6GFZfQZKnL1OJNYFcuC/ETWsW4VtKVD/tg4ICa9x+jb9bkPffkMdRpRpuUaO/fKkHCBeiCKh8g=="],

    "entities": ["entities@4.5.0", "", {}, ""],

    "execa": ["execa@5.1.1", "", { "dependencies": { "cross-spawn": "^7.0.3", "get-stream": "^6.0.0", "human-signals": "^2.1.0", "is-stream": "^2.0.0", "merge-stream": "^2.0.0", "npm-run-path": "^4.0.1", "onetime": "^5.1.2", "signal-exit": "^3.0.3", "strip-final-newline": "^2.0.0" } }, ""],

    "ext-list": ["ext-list@2.2.2", "", { "dependencies": { "mime-db": "^1.28.0" } }, ""],

    "ext-name": ["ext-name@5.0.0", "", { "dependencies": { "ext-list": "^2.0.0", "sort-keys-length": "^1.0.0" } }, ""],

    "fast-deep-equal": ["fast-deep-equal@3.1.3", "", {}, "sha512-f3qQ9oQy9j2AhBe/H9VC91wLmKBCCU/gDOnKNAYG5hswO7BLKj09Hc5HYNz9cGI++xlpDCIgDaitVs03ATR84Q=="],

    "fast-fifo": ["fast-fifo@1.3.2", "", {}, ""],

    "fdir": ["fdir@6.4.6", "", { "peerDependencies": { "picomatch": "^3 || ^4" } }, ""],

    "fflate": ["fflate@0.8.2", "", {}, ""],

    "file-type": ["file-type@20.5.0", "", { "dependencies": { "@tokenizer/inflate": "^0.2.6", "strtok3": "^10.2.0", "token-types": "^6.0.0", "uint8array-extras": "^1.4.0" } }, ""],

    "filename-reserved-regex": ["filename-reserved-regex@3.0.0", "", {}, ""],

    "filenamify": ["filenamify@6.0.0", "", { "dependencies": { "filename-reserved-regex": "^3.0.0" } }, ""],

    "find-versions": ["find-versions@5.1.0", "", { "dependencies": { "semver-regex": "^4.0.5" } }, ""],

    "form-data-encoder": ["form-data-encoder@2.1.4", "", {}, ""],

    "get-stream": ["get-stream@6.0.1", "", {}, ""],

    "got": ["got@13.0.0", "", { "dependencies": { "@sindresorhus/is": "^5.2.0", "@szmarczak/http-timer": "^5.0.1", "cacheable-lookup": "^7.0.0", "cacheable-request": "^10.2.8", "decompress-response": "^6.0.0", "form-data-encoder": "^2.1.2", "get-stream": "^6.0.1", "http2-wrapper": "^2.1.10", "lowercase-keys": "^3.0.0", "p-cancelable": "^3.0.0", "responselike": "^3.0.0" } }, ""],

    "graceful-fs": ["graceful-fs@4.2.11", "", {}, ""],

    "has-flag": ["has-flag@4.0.0", "", {}, ""],

    "http-cache-semantics": ["http-cache-semantics@4.2.0", "", {}, ""],

    "http2-wrapper": ["http2-wrapper@2.2.1", "", { "dependencies": { "quick-lru": "^5.1.1", "resolve-alpn": "^1.2.0" } }, ""],

    "human-signals": ["human-signals@2.1.0", "", {}, ""],

    "ieee754": ["ieee754@1.2.1", "", {}, ""],

    "inspect-with-kind": ["inspect-with-kind@1.0.5", "", { "dependencies": { "kind-of": "^6.0.2" } }, ""],

    "is-plain-obj": ["is-plain-obj@1.1.0", "", {}, ""],

    "is-stream": ["is-stream@2.0.1", "", {}, ""],

    "isexe": ["isexe@2.0.0", "", {}, ""],

    "json-buffer": ["json-buffer@3.0.1", "", {}, ""],

    "keyv": ["keyv@4.5.4", "", { "dependencies": { "json-buffer": "3.0.1" } }, ""],

    "kind-of": ["kind-of@6.0.3", "", {}, ""],

    "linkify-it": ["linkify-it@5.0.0", "", { "dependencies": { "uc.micro": "^2.0.0" } }, ""],

    "lodash": ["lodash@4.17.21", "", {}, "sha512-v2kDEe57lecTulaDIuNTPy3Ry4gLGJ6Z1O3vE1krgXZNrsQ+LFTGHVxVjcXPs17LhbZVGedAJv8XZ1tvj5FvSg=="],

    "lodash.snakecase": ["lodash.snakecase@4.1.1", "", {}, "sha512-QZ1d4xoBHYUeuouhEq3lk3Uq7ldgyFXGBhg04+oRLnIz8o9T65Eh+8YdroUwn846zchkA9yDsDl5CVVaV2nqYw=="],

    "lowercase-keys": ["lowercase-keys@3.0.0", "", {}, ""],

    "lunr": ["lunr@2.3.9", "", {}, ""],

    "magic-bytes.js": ["magic-bytes.js@1.12.1", "", {}, "sha512-ThQLOhN86ZkJ7qemtVRGYM+gRgR8GEXNli9H/PMvpnZsE44Xfh3wx9kGJaldg314v85m+bFW6WBMaVHJc/c3zA=="],

    "make-dir": ["make-dir@4.0.0", "", { "dependencies": { "semver": "^7.5.3" } }, ""],

    "markdown-it": ["markdown-it@14.1.0", "", { "dependencies": { "argparse": "^2.0.1", "entities": "^4.4.0", "linkify-it": "^5.0.0", "mdurl": "^2.0.0", "punycode.js": "^2.3.1", "uc.micro": "^2.1.0" }, "bin": "bin/markdown-it.mjs" }, ""],

    "mdurl": ["mdurl@2.0.0", "", {}, ""],

    "merge-stream": ["merge-stream@2.0.0", "", {}, ""],

    "mime-db": ["mime-db@1.54.0", "", {}, ""],

    "mimic-fn": ["mimic-fn@2.1.0", "", {}, ""],

    "mimic-response": ["mimic-response@4.0.0", "", {}, ""],

    "minimatch": ["minimatch@9.0.5", "", { "dependencies": { "brace-expansion": "^2.0.1" } }, ""],

    "ms": ["ms@2.1.3", "", {}, ""],

    "ms-utility": ["ms-utility@3.3.0", "", {}, ""],

    "normalize-url": ["normalize-url@8.0.2", "", {}, ""],

    "npm-run-path": ["npm-run-path@4.0.1", "", { "dependencies": { "path-key": "^3.0.0" } }, ""],

    "onetime": ["onetime@5.1.2", "", { "dependencies": { "mimic-fn": "^2.1.0" } }, ""],

    "p-cancelable": ["p-cancelable@3.0.0", "", {}, ""],

    "path-key": ["path-key@3.1.1", "", {}, ""],

    "pend": ["pend@1.2.0", "", {}, ""],

    "picomatch": ["picomatch@4.0.3", "", {}, ""],

    "piscina": ["piscina@4.9.2", "", { "optionalDependencies": { "@napi-rs/nice": "^1.0.1" } }, ""],

    "punycode.js": ["punycode.js@2.3.1", "", {}, ""],

    "quick-lru": ["quick-lru@5.1.1", "", {}, ""],

    "resolve-alpn": ["resolve-alpn@1.2.1", "", {}, ""],

    "responselike": ["responselike@3.0.0", "", { "dependencies": { "lowercase-keys": "^3.0.0" } }, ""],

    "safe-buffer": ["safe-buffer@5.2.1", "", {}, ""],

    "seek-bzip": ["seek-bzip@2.0.0", "", { "dependencies": { "commander": "^6.0.0" }, "bin": { "seek-bunzip": "bin/seek-bunzip", "seek-table": "bin/seek-bzip-table" } }, ""],

    "semver": ["semver@7.7.2", "", { "bin": "bin/semver.js" }, ""],

    "semver-regex": ["semver-regex@4.0.5", "", {}, ""],

    "semver-truncate": ["semver-truncate@3.0.0", "", { "dependencies": { "semver": "^7.3.5" } }, ""],

    "shebang-command": ["shebang-command@2.0.0", "", { "dependencies": { "shebang-regex": "^3.0.0" } }, ""],

    "shebang-regex": ["shebang-regex@3.0.0", "", {}, ""],

    "signal-exit": ["signal-exit@3.0.7", "", {}, ""],

    "slash": ["slash@3.0.0", "", {}, ""],

    "sort-keys": ["sort-keys@1.1.2", "", { "dependencies": { "is-plain-obj": "^1.0.0" } }, ""],

    "sort-keys-length": ["sort-keys-length@1.0.1", "", { "dependencies": { "sort-keys": "^1.0.0" } }, ""],

    "source-map": ["source-map@0.7.4", "", {}, ""],

    "streamx": ["streamx@2.22.1", "", { "dependencies": { "fast-fifo": "^1.3.2", "text-decoder": "^1.1.0" }, "optionalDependencies": { "bare-events": "^2.2.0" } }, ""],

    "strip-dirs": ["strip-dirs@3.0.0", "", { "dependencies": { "inspect-with-kind": "^1.0.5", "is-plain-obj": "^1.1.0" } }, ""],

    "strip-final-newline": ["strip-final-newline@2.0.0", "", {}, ""],

    "strtok3": ["strtok3@10.3.2", "", { "dependencies": { "@tokenizer/token": "^0.3.0" } }, ""],

    "supports-color": ["supports-color@7.2.0", "", { "dependencies": { "has-flag": "^4.0.0" } }, ""],

    "tar-stream": ["tar-stream@3.1.7", "", { "dependencies": { "b4a": "^1.6.4", "fast-fifo": "^1.2.0", "streamx": "^2.15.0" } }, ""],

    "text-decoder": ["text-decoder@1.2.3", "", { "dependencies": { "b4a": "^1.6.4" } }, ""],

    "through": ["through@2.3.8", "", {}, ""],

    "tiny-typed-emitter": ["tiny-typed-emitter@2.1.0", "", {}, ""],

    "tinyglobby": ["tinyglobby@0.2.14", "", { "dependencies": { "fdir": "^6.4.4", "picomatch": "^4.0.2" } }, ""],

    "token-types": ["token-types@6.0.3", "", { "dependencies": { "@tokenizer/token": "^0.3.0", "ieee754": "^1.2.1" } }, ""],

    "ts-mixer": ["ts-mixer@6.0.4", "", {}, "sha512-ufKpbmrugz5Aou4wcr5Wc1UUFWOLhq+Fm6qa6P0w0K5Qw2yhaUoiWszhCVuNQyNwrlGiscHOmqYoAox1PtvgjA=="],

    "tslib": ["tslib@2.8.1", "", {}, "sha512-oJFu94HQb+KVduSUQL7wnpmqnfmLsOA/nAh6b6EH0wCEoK0/mPeXU6c3wKDV83MkOuHPRHtSXKKU99IBazS/2w=="],

    "typedoc": ["typedoc@0.28.3", "", { "dependencies": { "@gerrit0/mini-shiki": "^3.2.2", "lunr": "^2.3.9", "markdown-it": "^14.1.0", "minimatch": "^9.0.5", "yaml": "^2.7.1" }, "peerDependencies": { "typescript": "5.0.x || 5.1.x || 5.2.x || 5.3.x || 5.4.x || 5.5.x || 5.6.x || 5.7.x || 5.8.x" }, "bin": "bin/typedoc" }, ""],

    "typescript": ["typescript@5.6.3", "", { "bin": { "tsc": "bin/tsc", "tsserver": "bin/tsserver" } }, ""],

    "uc.micro": ["uc.micro@2.1.0", "", {}, ""],

    "uint8array-extras": ["uint8array-extras@1.4.0", "", {}, ""],

    "unbzip2-stream": ["unbzip2-stream@1.4.3", "", { "dependencies": { "buffer": "^5.2.1", "through": "^2.3.8" } }, ""],

    "undici": ["undici@5.29.0", "", { "dependencies": { "@fastify/busboy": "^2.0.0" } }, ""],

    "undici-types": ["undici-types@6.21.0", "", {}, ""],

    "which": ["which@2.0.2", "", { "dependencies": { "isexe": "^2.0.0" }, "bin": { "node-which": "bin/node-which" } }, ""],

    "ws": ["ws@8.18.3", "", { "peerDependencies": { "bufferutil": "^4.0.1", "utf-8-validate": ">=5.0.2" }, "optionalPeers": ["bufferutil", "utf-8-validate"] }, "sha512-PEIGCY5tSlUt50cqyMXfCzX+oOPqN0vuGqWzbcJ2xvnkzkq46oOpz7dQaTDBdfICb4N14+GARUDw2XV2N4tvzg=="],

    "yaml": ["yaml@2.7.1", "", { "bin": "bin.mjs" }, ""],

    "yauzl": ["yauzl@3.2.0", "", { "dependencies": { "buffer-crc32": "~0.2.3", "pend": "~1.2.0" } }, ""],

    "@discordjs/rest/@discordjs/collection": ["@discordjs/collection@2.1.1", "", {}, "sha512-LiSusze9Tc7qF03sLCujF5iZp7K+vRNEDBZ86FT9aQAv3vxMLihUvKvpsCWiQ2DJq1tVckopKm1rxomgNUc9hg=="],

    "@discordjs/rest/undici": ["undici@6.21.3", "", {}, "sha512-gBLkYIlEnSp8pFbT64yFgGE6UIB9tAkhukC23PmMDCe5Nd+cRqKxSjw5y54MK2AZMgZfJWMaNE4nYUHgi1XEOw=="],

    "@discordjs/ws/@discordjs/collection": ["@discordjs/collection@2.1.1", "", {}, "sha512-LiSusze9Tc7qF03sLCujF5iZp7K+vRNEDBZ86FT9aQAv3vxMLihUvKvpsCWiQ2DJq1tVckopKm1rxomgNUc9hg=="],

    "decompress-response/mimic-response": ["mimic-response@3.1.0", "", {}, ""],

    "discord.js/undici": ["undici@6.21.3", "", {}, "sha512-gBLkYIlEnSp8pFbT64yFgGE6UIB9tAkhukC23PmMDCe5Nd+cRqKxSjw5y54MK2AZMgZfJWMaNE4nYUHgi1XEOw=="],

    "seek-bzip/commander": ["commander@6.2.1", "", {}, "sha512-U7VdrJFnJgo4xjrHpTzu0yrHPGImdsmD95ZlgYSEajAn2JKzDhDTPG9kBTefmObL2w/ngeZnilk+OV9CG3d7UA=="],
  }
}
